
Microsoft Visual Studio Solution File, Format Version 12.00
# Visual Studio Version 16
VisualStudioVersion = 16.0.29509.3
MinimumVisualStudioVersion = 10.0.40219.1
Project("{FAE04EC0-301F-11D3-BF4B-00C04F79EFBC}") = "WBoard", "WBoard\WBoard.csproj", "{0F1FB539-DC7F-4594-88DD-924ACFB13271}"
EndProject
Global
	GlobalSection(SolutionConfigurationPlatforms) = preSolution
		Debug|Any CPU = Debug|Any CPU
		Release|Any CPU = Release|Any CPU
	EndGlobalSection
	GlobalSection(ProjectConfigurationPlatforms) = postSolution
		{0F1FB539-DC7F-4594-88DD-924ACFB13271}.Debug|Any CPU.ActiveCfg = Debug|Any CPU
		{0F1FB539-DC7F-4594-88DD-924ACFB13271}.Debug|Any CPU.Build.0 = Debug|Any CPU
		{0F1FB539-DC7F-4594-88DD-924ACFB13271}.Release|Any CPU.ActiveCfg = Release|Any CPU
		{0F1FB539-DC7F-4594-88DD-924ACFB13271}.Release|Any CPU.Build.0 = Release|Any CPU
	EndGlobalSection
	GlobalSection(SolutionProperties) = preSolution
		HideSolutionNode = FALSE
	EndGlobalSection
	GlobalSection(ExtensibilityGlobals) = postSolution
		SolutionGuid = {C757DFB7-D3F9-4CAC-90E0-BEAA553C95F1}
	EndGlobalSection
EndGlobal
